
Microsoft Visual Studio Solution File, Format Version 12.00
# Visual Studio 15
VisualStudioVersion = 15.0.26124.0
MinimumVisualStudioVersion = 15.0.26124.0
Project("{2150E333-8FDC-42A3-9474-1A3956D46DE8}") = "src", "src", "{5CFC5DCC-9B60-47C2-A3A3-5B3A18FF7FA3}"
EndProject
Project("{FAE04EC0-301F-11D3-BF4B-00C04F79EFBC}") = "BaseApi", "src\BaseApi\BaseApi.csproj", "{F1C5C196-2921-4498-8397-E9CBB4EF49FA}"
EndProject
Project("{FAE04EC0-301F-11D3-BF4B-00C04F79EFBC}") = "BaseApi.Test", "src\BaseApi.Test\BaseApi.Test.csproj", "{F4B65D22-3E88-4E2E-A22C-55EA9370A8F5}"
EndProject
Global
	GlobalSection(SolutionConfigurationPlatforms) = preSolution
		Debug|Any CPU = Debug|Any CPU
		Debug|x64 = Debug|x64
		Debug|x86 = Debug|x86
		Release|Any CPU = Release|Any CPU
		Release|x64 = Release|x64
		Release|x86 = Release|x86
	EndGlobalSection
	GlobalSection(SolutionProperties) = preSolution
		HideSolutionNode = FALSE
	EndGlobalSection
	GlobalSection(ProjectConfigurationPlatforms) = postSolution
		{F1C5C196-2921-4498-8397-E9CBB4EF49FA}.Debug|Any CPU.ActiveCfg = Debug|Any CPU
		{F1C5C196-2921-4498-8397-E9CBB4EF49FA}.Debug|Any CPU.Build.0 = Debug|Any CPU
		{F1C5C196-2921-4498-8397-E9CBB4EF49FA}.Debug|x64.ActiveCfg = Debug|Any CPU
		{F1C5C196-2921-4498-8397-E9CBB4EF49FA}.Debug|x64.Build.0 = Debug|Any CPU
		{F1C5C196-2921-4498-8397-E9CBB4EF49FA}.Debug|x86.ActiveCfg = Debug|Any CPU
		{F1C5C196-2921-4498-8397-E9CBB4EF49FA}.Debug|x86.Build.0 = Debug|Any CPU
		{F1C5C196-2921-4498-8397-E9CBB4EF49FA}.Release|Any CPU.ActiveCfg = Release|Any CPU
		{F1C5C196-2921-4498-8397-E9CBB4EF49FA}.Release|Any CPU.Build.0 = Release|Any CPU
		{F1C5C196-2921-4498-8397-E9CBB4EF49FA}.Release|x64.ActiveCfg = Release|Any CPU
		{F1C5C196-2921-4498-8397-E9CBB4EF49FA}.Release|x64.Build.0 = Release|Any CPU
		{F1C5C196-2921-4498-8397-E9CBB4EF49FA}.Release|x86.ActiveCfg = Release|Any CPU
		{F1C5C196-2921-4498-8397-E9CBB4EF49FA}.Release|x86.Build.0 = Release|Any CPU
		{F4B65D22-3E88-4E2E-A22C-55EA9370A8F5}.Debug|Any CPU.ActiveCfg = Debug|Any CPU
		{F4B65D22-3E88-4E2E-A22C-55EA9370A8F5}.Debug|Any CPU.Build.0 = Debug|Any CPU
		{F4B65D22-3E88-4E2E-A22C-55EA9370A8F5}.Debug|x64.ActiveCfg = Debug|Any CPU
		{F4B65D22-3E88-4E2E-A22C-55EA9370A8F5}.Debug|x64.Build.0 = Debug|Any CPU
		{F4B65D22-3E88-4E2E-A22C-55EA9370A8F5}.Debug|x86.ActiveCfg = Debug|Any CPU
		{F4B65D22-3E88-4E2E-A22C-55EA9370A8F5}.Debug|x86.Build.0 = Debug|Any CPU
		{F4B65D22-3E88-4E2E-A22C-55EA9370A8F5}.Release|Any CPU.ActiveCfg = Release|Any CPU
		{F4B65D22-3E88-4E2E-A22C-55EA9370A8F5}.Release|Any CPU.Build.0 = Release|Any CPU
		{F4B65D22-3E88-4E2E-A22C-55EA9370A8F5}.Release|x64.ActiveCfg = Release|Any CPU
		{F4B65D22-3E88-4E2E-A22C-55EA9370A8F5}.Release|x64.Build.0 = Release|Any CPU
		{F4B65D22-3E88-4E2E-A22C-55EA9370A8F5}.Release|x86.ActiveCfg = Release|Any CPU
		{F4B65D22-3E88-4E2E-A22C-55EA9370A8F5}.Release|x86.Build.0 = Release|Any CPU
	EndGlobalSection
	GlobalSection(NestedProjects) = preSolution
		{F1C5C196-2921-4498-8397-E9CBB4EF49FA} = {5CFC5DCC-9B60-47C2-A3A3-5B3A18FF7FA3}
		{F4B65D22-3E88-4E2E-A22C-55EA9370A8F5} = {5CFC5DCC-9B60-47C2-A3A3-5B3A18FF7FA3}
	EndGlobalSection
EndGlobal
